
Microsoft Visual Studio Solution File, Format Version 12.00
# Visual Studio Version 16
VisualStudioVersion = 16.0.809.6
MinimumVisualStudioVersion = 10.0.40219.1
Project("{FAE04EC0-301F-11D3-BF4B-00C04F79EFBC}") = "banksyncwiz", "Banksyncwiz\banksyncwiz.csproj", "{EADEDE50-172D-4648-A7BC-55EBA4628B83}"
EndProject
Global
	GlobalSection(SolutionConfigurationPlatforms) = preSolution
		Debug|Any CPU = Debug|Any CPU
		Release|Any CPU = Release|Any CPU
	EndGlobalSection
	GlobalSection(ProjectConfigurationPlatforms) = postSolution
		{EADEDE50-172D-4648-A7BC-55EBA4628B83}.Debug|Any CPU.ActiveCfg = Debug|Any CPU
		{EADEDE50-172D-4648-A7BC-55EBA4628B83}.Debug|Any CPU.Build.0 = Debug|Any CPU
		{EADEDE50-172D-4648-A7BC-55EBA4628B83}.Release|Any CPU.ActiveCfg = Release|Any CPU
		{EADEDE50-172D-4648-A7BC-55EBA4628B83}.Release|Any CPU.Build.0 = Release|Any CPU
	EndGlobalSection
	GlobalSection(SolutionProperties) = preSolution
		HideSolutionNode = FALSE
	EndGlobalSection
	GlobalSection(ExtensibilityGlobals) = postSolution
		SolutionGuid = {3AF13C0B-DA16-4E5F-B675-151B42ED08A8}
	EndGlobalSection
EndGlobal
